
Microsoft Visual Studio Solution File, Format Version 12.00
# Visual Studio Version 17
VisualStudioVersion = 17.3.32901.215
MinimumVisualStudioVersion = 10.0.40219.1
Project("{FAE04EC0-301F-11D3-BF4B-00C04F79EFBC}") = "Host", "Host\Host.csproj", "{38DDC2B2-5216-4E35-8269-A70F4FA07805}"
EndProject
Project("{FAE04EC0-301F-11D3-BF4B-00C04F79EFBC}") = "DataAccess", "UnoEntitys\DataAccess.csproj", "{31C6B324-F8C9-4878-B552-58E19D82863D}"
EndProject
Project("{FAE04EC0-301F-11D3-BF4B-00C04F79EFBC}") = "Services", "Services\Services.csproj", "{CA4F14C3-3544-4579-840D-2906E0309607}"
EndProject
Global
	GlobalSection(SolutionConfigurationPlatforms) = preSolution
		Debug|Any CPU = Debug|Any CPU
		Release|Any CPU = Release|Any CPU
	EndGlobalSection
	GlobalSection(ProjectConfigurationPlatforms) = postSolution
		{38DDC2B2-5216-4E35-8269-A70F4FA07805}.Debug|Any CPU.ActiveCfg = Debug|Any CPU
		{38DDC2B2-5216-4E35-8269-A70F4FA07805}.Debug|Any CPU.Build.0 = Debug|Any CPU
		{38DDC2B2-5216-4E35-8269-A70F4FA07805}.Release|Any CPU.ActiveCfg = Release|Any CPU
		{38DDC2B2-5216-4E35-8269-A70F4FA07805}.Release|Any CPU.Build.0 = Release|Any CPU
		{31C6B324-F8C9-4878-B552-58E19D82863D}.Debug|Any CPU.ActiveCfg = Debug|Any CPU
		{31C6B324-F8C9-4878-B552-58E19D82863D}.Debug|Any CPU.Build.0 = Debug|Any CPU
		{31C6B324-F8C9-4878-B552-58E19D82863D}.Release|Any CPU.ActiveCfg = Release|Any CPU
		{31C6B324-F8C9-4878-B552-58E19D82863D}.Release|Any CPU.Build.0 = Release|Any CPU
		{CA4F14C3-3544-4579-840D-2906E0309607}.Debug|Any CPU.ActiveCfg = Debug|Any CPU
		{CA4F14C3-3544-4579-840D-2906E0309607}.Debug|Any CPU.Build.0 = Debug|Any CPU
		{CA4F14C3-3544-4579-840D-2906E0309607}.Release|Any CPU.ActiveCfg = Release|Any CPU
		{CA4F14C3-3544-4579-840D-2906E0309607}.Release|Any CPU.Build.0 = Release|Any CPU
	EndGlobalSection
	GlobalSection(SolutionProperties) = preSolution
		HideSolutionNode = FALSE
	EndGlobalSection
	GlobalSection(ExtensibilityGlobals) = postSolution
		SolutionGuid = {16BC560E-371D-49E1-B1FB-F55AA292B94F}
	EndGlobalSection
EndGlobal
